
Microsoft Visual Studio Solution File, Format Version 12.00
# Visual Studio Version 17
VisualStudioVersion = 17.7.34024.191
MinimumVisualStudioVersion = 10.0.40219.1
Project("{FAE04EC0-301F-11D3-BF4B-00C04F79EFBC}") = "POS_App", "POS_App\POS_App.csproj", "{D918B9A3-0ABC-4578-9EF5-37FE9ADA4157}"
EndProject
Global
	GlobalSection(SolutionConfigurationPlatforms) = preSolution
		Debug|Any CPU = Debug|Any CPU
		Release|Any CPU = Release|Any CPU
	EndGlobalSection
	GlobalSection(ProjectConfigurationPlatforms) = postSolution
		{D918B9A3-0ABC-4578-9EF5-37FE9ADA4157}.Debug|Any CPU.ActiveCfg = Debug|Any CPU
		{D918B9A3-0ABC-4578-9EF5-37FE9ADA4157}.Debug|Any CPU.Build.0 = Debug|Any CPU
		{D918B9A3-0ABC-4578-9EF5-37FE9ADA4157}.Release|Any CPU.ActiveCfg = Release|Any CPU
		{D918B9A3-0ABC-4578-9EF5-37FE9ADA4157}.Release|Any CPU.Build.0 = Release|Any CPU
	EndGlobalSection
	GlobalSection(SolutionProperties) = preSolution
		HideSolutionNode = FALSE
	EndGlobalSection
	GlobalSection(ExtensibilityGlobals) = postSolution
		SolutionGuid = {75FAAB93-CDBA-4CCB-902E-0F911E4EE4DD}
	EndGlobalSection
EndGlobal
